
Microsoft Visual Studio Solution File, Format Version 12.00
# Visual Studio Version 16
VisualStudioVersion = 16.0.31829.152
MinimumVisualStudioVersion = 10.0.40219.1
Project("{F184B08F-C81C-45F6-A57F-5ABD9991F28F}") = "mediaPlayerSP", "mediaPlayerSP.vbproj", "{53FA4C91-6FF6-4FBD-A55A-EAF8E6E10325}"
EndProject
Project("{2150E333-8FDC-42A3-9474-1A3956D46DE8}") = "Solution Items", "Solution Items", "{715DF63B-05BC-4FC2-BC00-3708C7DD34B6}"
	ProjectSection(SolutionItems) = preProject
		.editorconfig = .editorconfig
	EndProjectSection
EndProject
Global
	GlobalSection(SolutionConfigurationPlatforms) = preSolution
		Debug|Any CPU = Debug|Any CPU
		Release|Any CPU = Release|Any CPU
	EndGlobalSection
	GlobalSection(ProjectConfigurationPlatforms) = postSolution
		{53FA4C91-6FF6-4FBD-A55A-EAF8E6E10325}.Debug|Any CPU.ActiveCfg = Debug|Any CPU
		{53FA4C91-6FF6-4FBD-A55A-EAF8E6E10325}.Debug|Any CPU.Build.0 = Debug|Any CPU
		{53FA4C91-6FF6-4FBD-A55A-EAF8E6E10325}.Release|Any CPU.ActiveCfg = Release|Any CPU
		{53FA4C91-6FF6-4FBD-A55A-EAF8E6E10325}.Release|Any CPU.Build.0 = Release|Any CPU
	EndGlobalSection
	GlobalSection(SolutionProperties) = preSolution
		HideSolutionNode = FALSE
	EndGlobalSection
	GlobalSection(ExtensibilityGlobals) = postSolution
		SolutionGuid = {782C8285-1903-4AA1-B902-C11B08D0602E}
	EndGlobalSection
EndGlobal
